// !$*UTF8*$!
{
	archiveVersion = 1;
	classes = {
	};
	objectVersion = 46;
	objects = {

/* Begin PBXBuildFile section */
		AEC26F841A8C680300F70E39 /* main.m in Sources */ = {isa = PBXBuildFile; fileRef = AEC26F831A8C680300F70E39 /* main.m */; };
		AEC26F871A8C680300F70E39 /* AppDelegate.m in Sources */ = {isa = PBXBuildFile; fileRef = AEC26F861A8C680300F70E39 /* AppDelegate.m */; };
		AEC26F8A1A8C680300F70E39 /* ViewController.m in Sources */ = {isa = PBXBuildFile; fileRef = AEC26F891A8C680300F70E39 /* ViewController.m */; };
		AEC26F8D1A8C680300F70E39 /* Main.storyboard in Resources */ = {isa = PBXBuildFile; fileRef = AEC26F8B1A8C680300F70E39 /* Main.storyboard */; };
		AEC26F8F1A8C680300F70E39 /* Images.xcassets in Resources */ = {isa = PBXBuildFile; fileRef = AEC26F8E1A8C680300F70E39 /* Images.xcassets */; };
		AEC26F921A8C680300F70E39 /* LaunchScreen.xib in Resources */ = {isa = PBXBuildFile; fileRef = AEC26F901A8C680300F70E39 /* LaunchScreen.xib */; };
		AEC26F9E1A8C680300F70E39 /* rotation_samlpe_pocTests.m in Sources */ = {isa = PBXBuildFile; fileRef = AEC26F9D1A8C680300F70E39 /* rotation_samlpe_pocTests.m */; };
		AEC26FAF1A8C781C00F70E39 /* deatilViewController.m in Sources */ = {isa = PBXBuildFile; fileRef = AEC26FAE1A8C781C00F70E39 /* deatilViewController.m */; };
/* End PBXBuildFile section */

/* Begin PBXContainerItemProxy section */
		AEC26F981A8C680300F70E39 /* PBXContainerItemProxy */ = {
			isa = PBXContainerItemProxy;
			containerPortal = AEC26F761A8C680300F70E39 /* Project object */;
			proxyType = 1;
			remoteGlobalIDString = AEC26F7D1A8C680300F70E39;
			remoteInfo = rotation_samlpe_poc;
		};
/* End PBXContainerItemProxy section */

/* Begin PBXFileReference section */
		AEC26F7E1A8C680300F70E39 /* rotation_samlpe_poc.app */ = {isa = PBXFileReference; explicitFileType = wrapper.application; includeInIndex = 0; path = rotation_samlpe_poc.app; sourceTree = BUILT_PRODUCTS_DIR; };
		AEC26F821A8C680300F70E39 /* Info.plist */ = {isa = PBXFileReference; lastKnownFileType = text.plist.xml; path = Info.plist; sourceTree = "<group>"; };
		AEC26F831A8C680300F70E39 /* main.m */ = {isa = PBXFileReference; lastKnownFileType = sourcecode.c.objc; path = main.m; sourceTree = "<group>"; };
		AEC26F851A8C680300F70E39 /* AppDelegate.h */ = {isa = PBXFileReference; lastKnownFileType = sourcecode.c.h; path = AppDelegate.h; sourceTree = "<group>"; };
		AEC26F861A8C680300F70E39 /* AppDelegate.m */ = {isa = PBXFileReference; lastKnownFileType = sourcecode.c.objc; path = AppDelegate.m; sourceTree = "<group>"; };
		AEC26F881A8C680300F70E39 /* ViewController.h */ = {isa = PBXFileReference; lastKnownFileType = sourcecode.c.h; path = ViewController.h; sourceTree = "<group>"; };
		AEC26F891A8C680300F70E39 /* ViewController.m */ = {isa = PBXFileReference; lastKnownFileType = sourcecode.c.objc; path = ViewController.m; sourceTree = "<group>"; };
		AEC26F8C1A8C680300F70E39 /* Base */ = {isa = PBXFileReference; lastKnownFileType = file.storyboard; name = Base; path = Base.lproj/Main.storyboard; sourceTree = "<group>"; };
		AEC26F8E1A8C680300F70E39 /* Images.xcassets */ = {isa = PBXFileReference; lastKnownFileType = folder.assetcatalog; path = Images.xcassets; sourceTree = "<group>"; };
		AEC26F911A8C680300F70E39 /* Base */ = {isa = PBXFileReference; lastKnownFileType = file.xib; name = Base; path = Base.lproj/LaunchScreen.xib; sourceTree = "<group>"; };
		AEC26F971A8C680300F70E39 /* rotation_samlpe_pocTests.xctest */ = {isa = PBXFileReference; explicitFileType = wrapper.cfbundle; includeInIndex = 0; path = rotation_samlpe_pocTests.xctest; sourceTree = BUILT_PRODUCTS_DIR; };
		AEC26F9C1A8C680300F70E39 /* Info.plist */ = {isa = PBXFileReference; lastKnownFileType = text.plist.xml; path = Info.plist; sourceTree = "<group>"; };
		AEC26F9D1A8C680300F70E39 /* rotation_samlpe_pocTests.m */ = {isa = PBXFileReference; lastKnownFileType = sourcecode.c.objc; path = rotation_samlpe_pocTests.m; sourceTree = "<group>"; };
		AEC26FAD1A8C781C00F70E39 /* deatilViewController.h */ = {isa = PBXFileReference; fileEncoding = 4; lastKnownFileType = sourcecode.c.h; path = deatilViewController.h; sourceTree = "<group>"; };
		AEC26FAE1A8C781C00F70E39 /* deatilViewController.m */ = {isa = PBXFileReference; fileEncoding = 4; lastKnownFileType = sourcecode.c.objc; path = deatilViewController.m; sourceTree = "<group>"; };
/* End PBXFileReference section */

/* Begin PBXFrameworksBuildPhase section */
		AEC26F7B1A8C680300F70E39 /* Frameworks */ = {
			isa = PBXFrameworksBuildPhase;
			buildActionMask = 2147483647;
			files = (
			);
			runOnlyForDeploymentPostprocessing = 0;
		};
		AEC26F941A8C680300F70E39 /* Frameworks */ = {
			isa = PBXFrameworksBuildPhase;
			buildActionMask = 2147483647;
			files = (
			);
			runOnlyForDeploymentPostprocessing = 0;
		};
/* End PBXFrameworksBuildPhase section */

/* Begin PBXGroup section */
		AEC26F751A8C680300F70E39 = {
			isa = PBXGroup;
			children = (
				AEC26F801A8C680300F70E39 /* rotation_samlpe_poc */,
				AEC26F9A1A8C680300F70E39 /* rotation_samlpe_pocTests */,
				AEC26F7F1A8C680300F70E39 /* Products */,
			);
			sourceTree = "<group>";
		};
		AEC26F7F1A8C680300F70E39 /* Products */ = {
			isa = PBXGroup;
			children = (
				AEC26F7E1A8C680300F70E39 /* rotation_samlpe_poc.app */,
				AEC26F971A8C680300F70E39 /* rotation_samlpe_pocTests.xctest */,
			);
			name = Products;
			sourceTree = "<group>";
		};
		AEC26F801A8C680300F70E39 /* rotation_samlpe_poc */ = {
			isa = PBXGroup;
			children = (
				AEC26F851A8C680300F70E39 /* AppDelegate.h */,
				AEC26F861A8C680300F70E39 /* AppDelegate.m */,
				AEC26F881A8C680300F70E39 /* ViewController.h */,
				AEC26F891A8C680300F70E39 /* ViewController.m */,
				AEC26F8B1A8C680300F70E39 /* Main.storyboard */,
				AEC26F8E1A8C680300F70E39 /* Images.xcassets */,
				AEC26F901A8C680300F70E39 /* LaunchScreen.xib */,
				AEC26F811A8C680300F70E39 /* Supporting Files */,
				AEC26FAD1A8C781C00F70E39 /* deatilViewController.h */,
				AEC26FAE1A8C781C00F70E39 /* deatilViewController.m */,
			);
			path = rotation_samlpe_poc;
			sourceTree = "<group>";
		};
		AEC26F811A8C680300F70E39 /* Supporting Files */ = {
			isa = PBXGroup;
			children = (
				AEC26F821A8C680300F70E39 /* Info.plist */,
				AEC26F831A8C680300F70E39 /* main.m */,
			);
			name = "Supporting Files";
			sourceTree = "<group>";
		};
		AEC26F9A1A8C680300F70E39 /* rotation_samlpe_pocTests */ = {
			isa = PBXGroup;
			children = (
				AEC26F9D1A8C680300F70E39 /* rotation_samlpe_pocTests.m */,
				AEC26F9B1A8C680300F70E39 /* Supporting Files */,
			);
			path = rotation_samlpe_pocTests;
			sourceTree = "<group>";
		};
		AEC26F9B1A8C680300F70E39 /* Supporting Files */ = {
			isa = PBXGroup;
			children = (
				AEC26F9C1A8C680300F70E39 /* Info.plist */,
			);
			name = "Supporting Files";
			sourceTree = "<group>";
		};
/* End PBXGroup section */

/* Begin PBXNativeTarget section */
		AEC26F7D1A8C680300F70E39 /* rotation_samlpe_poc */ = {
			isa = PBXNativeTarget;
			buildConfigurationList = AEC26FA11A8C680300F70E39 /* Build configuration list for PBXNativeTarget "rotation_samlpe_poc" */;
			buildPhases = (
				AEC26F7A1A8C680300F70E39 /* Sources */,
				AEC26F7B1A8C680300F70E39 /* Frameworks */,
				AEC26F7C1A8C680300F70E39 /* Resources */,
			);
			buildRules = (
			);
			dependencies = (
			);
			name = rotation_samlpe_poc;
			productName = rotation_samlpe_poc;
			productReference = AEC26F7E1A8C680300F70E39 /* rotation_samlpe_poc.app */;
			productType = "com.apple.product-type.application";
		};
		AEC26F961A8C680300F70E39 /* rotation_samlpe_pocTests */ = {
			isa = PBXNativeTarget;
			buildConfigurationList = AEC26FA41A8C680300F70E39 /* Build configuration list for PBXNativeTarget "rotation_samlpe_pocTests" */;
			buildPhases = (
				AEC26F931A8C680300F70E39 /* Sources */,
				AEC26F941A8C680300F70E39 /* Frameworks */,
				AEC26F951A8C680300F70E39 /* Resources */,
			);
			buildRules = (
			);
			dependencies = (
				AEC26F991A8C680300F70E39 /* PBXTargetDependency */,
			);
			name = rotation_samlpe_pocTests;
			productName = rotation_samlpe_pocTests;
			productReference = AEC26F971A8C680300F70E39 /* rotation_samlpe_pocTests.xctest */;
			productType = "com.apple.product-type.bundle.unit-test";
		};
/* End PBXNativeTarget section */

/* Begin PBXProject section */
		AEC26F761A8C680300F70E39 /* Project object */ = {
			isa = PBXProject;
			attributes = {
				LastUpgradeCheck = 0610;
				ORGANIZATIONNAME = "Hubino-Mac";
				TargetAttributes = {
					AEC26F7D1A8C680300F70E39 = {
						CreatedOnToolsVersion = 6.1;
					};
					AEC26F961A8C680300F70E39 = {
						CreatedOnToolsVersion = 6.1;
						TestTargetID = AEC26F7D1A8C680300F70E39;
					};
				};
			};
			buildConfigurationList = AEC26F791A8C680300F70E39 /* Build configuration list for PBXProject "rotation_samlpe_poc" */;
			compatibilityVersion = "Xcode 3.2";
			developmentRegion = English;
			hasScannedForEncodings = 0;
			knownRegions = (
				en,
				Base,
			);
			mainGroup = AEC26F751A8C680300F70E39;
			productRefGroup = AEC26F7F1A8C680300F70E39 /* Products */;
			projectDirPath = "";
			projectRoot = "";
			targets = (
				AEC26F7D1A8C680300F70E39 /* rotation_samlpe_poc */,
				AEC26F961A8C680300F70E39 /* rotation_samlpe_pocTests */,
			);
		};
/* End PBXProject section */

/* Begin PBXResourcesBuildPhase section */
		AEC26F7C1A8C680300F70E39 /* Resources */ = {
			isa = PBXResourcesBuildPhase;
			buildActionMask = 2147483647;
			files = (
				AEC26F8D1A8C680300F70E39 /* Main.storyboard in Resources */,
				AEC26F921A8C680300F70E39 /* LaunchScreen.xib in Resources */,
				AEC26F8F1A8C680300F70E39 /* Images.xcassets in Resources */,
			);
			runOnlyForDeploymentPostprocessing = 0;
		};
		AEC26F951A8C680300F70E39 /* Resources */ = {
			isa = PBXResourcesBuildPhase;
			buildActionMask = 2147483647;
			files = (
			);
			runOnlyForDeploymentPostprocessing = 0;
		};
/* End PBXResourcesBuildPhase section */

/* Begin PBXSourcesBuildPhase section */
		AEC26F7A1A8C680300F70E39 /* Sources */ = {
			isa = PBXSourcesBuildPhase;
			buildActionMask = 2147483647;
			files = (
				AEC26F8A1A8C680300F70E39 /* ViewController.m in Sources */,
				AEC26F871A8C680300F70E39 /* AppDelegate.m in Sources */,
				AEC26F841A8C680300F70E39 /* main.m in Sources */,
				AEC26FAF1A8C781C00F70E39 /* deatilViewController.m in Sources */,
			);
			runOnlyForDeploymentPostprocessing = 0;
		};
		AEC26F931A8C680300F70E39 /* Sources */ = {
			isa = PBXSourcesBuildPhase;
			buildActionMask = 2147483647;
			files = (
				AEC26F9E1A8C680300F70E39 /* rotation_samlpe_pocTests.m in Sources */,
			);
			runOnlyForDeploymentPostprocessing = 0;
		};
/* End PBXSourcesBuildPhase section */

/* Begin PBXTargetDependency section */
		AEC26F991A8C680300F70E39 /* PBXTargetDependency */ = {
			isa = PBXTargetDependency;
			target = AEC26F7D1A8C680300F70E39 /* rotation_samlpe_poc */;
			targetProxy = AEC26F981A8C680300F70E39 /* PBXContainerItemProxy */;
		};
/* End PBXTargetDependency section */

/* Begin PBXVariantGroup section */
		AEC26F8B1A8C680300F70E39 /* Main.storyboard */ = {
			isa = PBXVariantGroup;
			children = (
				AEC26F8C1A8C680300F70E39 /* Base */,
			);
			name = Main.storyboard;
			sourceTree = "<group>";
		};
		AEC26F901A8C680300F70E39 /* LaunchScreen.xib */ = {
			isa = PBXVariantGroup;
			children = (
				AEC26F911A8C680300F70E39 /* Base */,
			);
			name = LaunchScreen.xib;
			sourceTree = "<group>";
		};
/* End PBXVariantGroup section */

/* Begin XCBuildConfiguration section */
		AEC26F9F1A8C680300F70E39 /* Debug */ = {
			isa = XCBuildConfiguration;
			buildSettings = {
				ALWAYS_SEARCH_USER_PATHS = NO;
				CLANG_CXX_LANGUAGE_STANDARD = "gnu++0x";
				CLANG_CXX_LIBRARY = "libc++";
				CLANG_ENABLE_MODULES = YES;
				CLANG_ENABLE_OBJC_ARC = YES;
				CLANG_WARN_BOOL_CONVERSION = YES;
				CLANG_WARN_CONSTANT_CONVERSION = YES;
				CLANG_WARN_DIRECT_OBJC_ISA_USAGE = YES_ERROR;
				CLANG_WARN_EMPTY_BODY = YES;
				CLANG_WARN_ENUM_CONVERSION = YES;
				CLANG_WARN_INT_CONVERSION = YES;
				CLANG_WARN_OBJC_ROOT_CLASS = YES_ERROR;
				CLANG_WARN_UNREACHABLE_CODE = YES;
				CLANG_WARN__DUPLICATE_METHOD_MATCH = YES;
				"CODE_SIGN_IDENTITY[sdk=iphoneos*]" = "iPhone Developer";
				COPY_PHASE_STRIP = NO;
				ENABLE_STRICT_OBJC_MSGSEND = YES;
				GCC_C_LANGUAGE_STANDARD = gnu99;
				GCC_DYNAMIC_NO_PIC = NO;
				GCC_OPTIMIZATION_LEVEL = 0;
				GCC_PREPROCESSOR_DEFINITIONS = (
					"DEBUG=1",
					"$(inherited)",
				);
				GCC_SYMBOLS_PRIVATE_EXTERN = NO;
				GCC_WARN_64_TO_32_BIT_CONVERSION = YES;
				GCC_WARN_ABOUT_RETURN_TYPE = YES_ERROR;
				GCC_WARN_UNDECLARED_SELECTOR = YES;
				GCC_WARN_UNINITIALIZED_AUTOS = YES_AGGRESSIVE;
				GCC_WARN_UNUSED_FUNCTION = YES;
				GCC_WARN_UNUSED_VARIABLE = YES;
				IPHONEOS_DEPLOYMENT_TARGET = 8.1;
				MTL_ENABLE_DEBUG_INFO = YES;
				ONLY_ACTIVE_ARCH = YES;
				SDKROOT = iphoneos;
				TARGETED_DEVICE_FAMILY = "1,2";
			};
			name = Debug;
		};
		AEC26FA01A8C680300F70E39 /* Release */ = {
			isa = XCBuildConfiguration;
			buildSettings = {
				ALWAYS_SEARCH_USER_PATHS = NO;
				CLANG_CXX_LANGUAGE_STANDARD = "gnu++0x";
				CLANG_CXX_LIBRARY = "libc++";
				CLANG_ENABLE_MODULES = YES;
				CLANG_ENABLE_OBJC_ARC = YES;
				CLANG_WARN_BOOL_CONVERSION = YES;
				CLANG_WARN_CONSTANT_CONVERSION = YES;
				CLANG_WARN_DIRECT_OBJC_ISA_USAGE = YES_ERROR;
				CLANG_WARN_EMPTY_BODY = YES;
				CLANG_WARN_ENUM_CONVERSION = YES;
				CLANG_WARN_INT_CONVERSION = YES;
				CLANG_WARN_OBJC_ROOT_CLASS = YES_ERROR;
				CLANG_WARN_UNREACHABLE_CODE = YES;
				CLANG_WARN__DUPLICATE_METHOD_MATCH = YES;
				"CODE_SIGN_IDENTITY[sdk=iphoneos*]" = "iPhone Developer";
				COPY_PHASE_STRIP = YES;
				ENABLE_NS_ASSERTIONS = NO;
				ENABLE_STRICT_OBJC_MSGSEND = YES;
				GCC_C_LANGUAGE_STANDARD = gnu99;
				GCC_WARN_64_TO_32_BIT_CONVERSION = YES;
				GCC_WARN_ABOUT_RETURN_TYPE = YES_ERROR;
				GCC_WARN_UNDECLARED_SELECTOR = YES;
				GCC_WARN_UNINITIALIZED_AUTOS = YES_AGGRESSIVE;
				GCC_WARN_UNUSED_FUNCTION = YES;
				GCC_WARN_UNUSED_VARIABLE = YES;
				IPHONEOS_DEPLOYMENT_TARGET = 8.1;
				MTL_ENABLE_DEBUG_INFO = NO;
				SDKROOT = iphoneos;
				TARGETED_DEVICE_FAMILY = "1,2";
				VALIDATE_PRODUCT = YES;
			};
			name = Release;
		};
		AEC26FA21A8C680300F70E39 /* Debug */ = {
			isa = XCBuildConfiguration;
			buildSettings = {
				ASSETCATALOG_COMPILER_APPICON_NAME = AppIcon;
				CODE_SIGN_IDENTITY = "iPhone Developer: Andrew Dorn (HY3R5B962P)";
				INFOPLIST_FILE = rotation_samlpe_poc/Info.plist;
				LD_RUNPATH_SEARCH_PATHS = "$(inherited) @executable_path/Frameworks";
				PRODUCT_NAME = "$(TARGET_NAME)";
			};
			name = Debug;
		};
		AEC26FA31A8C680300F70E39 /* Release */ = {
			isa = XCBuildConfiguration;
			buildSettings = {
				ASSETCATALOG_COMPILER_APPICON_NAME = AppIcon;
				CODE_SIGN_IDENTITY = "iPhone Developer: Andrew Dorn (HY3R5B962P)";
				INFOPLIST_FILE = rotation_samlpe_poc/Info.plist;
				LD_RUNPATH_SEARCH_PATHS = "$(inherited) @executable_path/Frameworks";
				PRODUCT_NAME = "$(TARGET_NAME)";
			};
			name = Release;
		};
		AEC26FA51A8C680300F70E39 /* Debug */ = {
			isa = XCBuildConfiguration;
			buildSettings = {
				BUNDLE_LOADER = "$(TEST_HOST)";
				FRAMEWORK_SEARCH_PATHS = (
					"$(SDKROOT)/Developer/Library/Frameworks",
					"$(inherited)",
				);
				GCC_PREPROCESSOR_DEFINITIONS = (
					"DEBUG=1",
					"$(inherited)",
				);
				INFOPLIST_FILE = rotation_samlpe_pocTests/Info.plist;
				LD_RUNPATH_SEARCH_PATHS = "$(inherited) @executable_path/Frameworks @loader_path/Frameworks";
				PRODUCT_NAME = "$(TARGET_NAME)";
				TEST_HOST = "$(BUILT_PRODUCTS_DIR)/rotation_samlpe_poc.app/rotation_samlpe_poc";
			};
			name = Debug;
		};
		AEC26FA61A8C680300F70E39 /* Release */ = {
			isa = XCBuildConfiguration;
			buildSettings = {
				BUNDLE_LOADER = "$(TEST_HOST)";
				FRAMEWORK_SEARCH_PATHS = (
					"$(SDKROOT)/Developer/Library/Frameworks",
					"$(inherited)",
				);
				INFOPLIST_FILE = rotation_samlpe_pocTests/Info.plist;
				LD_RUNPATH_SEARCH_PATHS = "$(inherited) @executable_path/Frameworks @loader_path/Frameworks";
				PRODUCT_NAME = "$(TARGET_NAME)";
				TEST_HOST = "$(BUILT_PRODUCTS_DIR)/rotation_samlpe_poc.app/rotation_samlpe_poc";
			};
			name = Release;
		};
/* End XCBuildConfiguration section */

/* Begin XCConfigurationList section */
		AEC26F791A8C680300F70E39 /* Build configuration list for PBXProject "rotation_samlpe_poc" */ = {
			isa = XCConfigurationList;
			buildConfigurations = (
				AEC26F9F1A8C680300F70E39 /* Debug */,
				AEC26FA01A8C680300F70E39 /* Release */,
			);
			defaultConfigurationIsVisible = 0;
			defaultConfigurationName = Release;
		};
		AEC26FA11A8C680300F70E39 /* Build configuration list for PBXNativeTarget "rotation_samlpe_poc" */ = {
			isa = XCConfigurationList;
			buildConfigurations = (
				AEC26FA21A8C680300F70E39 /* Debug */,
				AEC26FA31A8C680300F70E39 /* Release */,
			);
			defaultConfigurationIsVisible = 0;
		};
		AEC26FA41A8C680300F70E39 /* Build configuration list for PBXNativeTarget "rotation_samlpe_pocTests" */ = {
			isa = XCConfigurationList;
			buildConfigurations = (
				AEC26FA51A8C680300F70E39 /* Debug */,
				AEC26FA61A8C680300F70E39 /* Release */,
			);
			defaultConfigurationIsVisible = 0;
		};
/* End XCConfigurationList section */
	};
	rootObject = AEC26F761A8C680300F70E39 /* Project object */;
}
